{
  "requires": true,
  "lockfileVersion": 1,
  "dependencies": {
    "intro.js": {
      "version": "4.2.2",
      "resolved": "https://registry.npmjs.org/intro.js/-/intro.js-4.2.2.tgz",
      "integrity": "sha512-Zgz2e8syCuttJ2vJlDOWCSWPUJBr7AOJkU5Ti3zcvXho+y//q0ixwoT+PkPLJWI7AX35IdgRcxAEWUrOAJYiNQ=="
    }
  }
}
